// !$*UTF8*$!
{
	archiveVersion = 1;
	classes = {
	};
	objectVersion = 51;
	objects = {

/* Begin PBXBuildFile section */
		1ABDF139AB964237CC15607E /* Pods_Messenger_Application_Assignment.framework in Frameworks */ = {isa = PBXBuildFile; fileRef = 0A232237C9385B4392302950 /* Pods_Messenger_Application_Assignment.framework */; };
		A496E9480597B6A0FA8DC9F3 /* Pods_Messenger_Application_AssignmentTests.framework in Frameworks */ = {isa = PBXBuildFile; fileRef = 6FA83A4FEFE01974DF9244A1 /* Pods_Messenger_Application_AssignmentTests.framework */; };
		C3B0AD8B27888DC400E7EA0A /* AppDelegate.swift in Sources */ = {isa = PBXBuildFile; fileRef = C3B0AD8A27888DC400E7EA0A /* AppDelegate.swift */; };
		C3B0AD8D27888DC400E7EA0A /* SceneDelegate.swift in Sources */ = {isa = PBXBuildFile; fileRef = C3B0AD8C27888DC400E7EA0A /* SceneDelegate.swift */; };
		C3B0AD9427888DC600E7EA0A /* Assets.xcassets in Resources */ = {isa = PBXBuildFile; fileRef = C3B0AD9327888DC600E7EA0A /* Assets.xcassets */; };
		C3B0AD9727888DC600E7EA0A /* LaunchScreen.storyboard in Resources */ = {isa = PBXBuildFile; fileRef = C3B0AD9527888DC600E7EA0A /* LaunchScreen.storyboard */; };
		C3B0ADA227888DC600E7EA0A /* Messenger_Application_AssignmentTests.swift in Sources */ = {isa = PBXBuildFile; fileRef = C3B0ADA127888DC600E7EA0A /* Messenger_Application_AssignmentTests.swift */; };
		C3B0ADAD27888DC600E7EA0A /* Messenger_Application_AssignmentUITests.swift in Sources */ = {isa = PBXBuildFile; fileRef = C3B0ADAC27888DC600E7EA0A /* Messenger_Application_AssignmentUITests.swift */; };
		C3B0ADC1278890AA00E7EA0A /* ConversationsViewController.swift in Sources */ = {isa = PBXBuildFile; fileRef = C3B0ADC0278890AA00E7EA0A /* ConversationsViewController.swift */; };
		C3B0ADC7278890FC00E7EA0A /* DatabaseManger.swift in Sources */ = {isa = PBXBuildFile; fileRef = C3B0ADC6278890FB00E7EA0A /* DatabaseManger.swift */; };
		C3B0ADC92788910100E7EA0A /* StorageManager.swift in Sources */ = {isa = PBXBuildFile; fileRef = C3B0ADC82788910100E7EA0A /* StorageManager.swift */; };
		C3B0ADCE2788911600E7EA0A /* Main.storyboard in Resources */ = {isa = PBXBuildFile; fileRef = C3B0ADCC2788911600E7EA0A /* Main.storyboard */; };
		C3B0ADD42788970400E7EA0A /* GoogleService-Info.plist in Resources */ = {isa = PBXBuildFile; fileRef = C3B0ADD32788970400E7EA0A /* GoogleService-Info.plist */; };
		C3B0ADD72788A72200E7EA0A /* ChatsTableViewController.swift in Sources */ = {isa = PBXBuildFile; fileRef = C3B0ADD62788A72200E7EA0A /* ChatsTableViewController.swift */; };
		C3B0ADD92788A75900E7EA0A /* ProfileViewController.swift in Sources */ = {isa = PBXBuildFile; fileRef = C3B0ADD82788A75900E7EA0A /* ProfileViewController.swift */; };
		C3B0ADDC2788A7C200E7EA0A /* LoginViewController.swift in Sources */ = {isa = PBXBuildFile; fileRef = C3B0ADDB2788A7C200E7EA0A /* LoginViewController.swift */; };
		C3B0ADDE2788A80D00E7EA0A /* SignupViewController.swift in Sources */ = {isa = PBXBuildFile; fileRef = C3B0ADDD2788A80D00E7EA0A /* SignupViewController.swift */; };
		C3B0ADE02788A97D00E7EA0A /* SearchingViewController.swift in Sources */ = {isa = PBXBuildFile; fileRef = C3B0ADDF2788A97D00E7EA0A /* SearchingViewController.swift */; };
		C3B0ADE32788A9CA00E7EA0A /* UserTableViewCell.swift in Sources */ = {isa = PBXBuildFile; fileRef = C3B0ADE22788A9CA00E7EA0A /* UserTableViewCell.swift */; };
		C3B0ADE52788BC1200E7EA0A /* ChatViewController.swift in Sources */ = {isa = PBXBuildFile; fileRef = C3B0ADE42788BC1200E7EA0A /* ChatViewController.swift */; };
		D381C48879FD00486F983ADF /* Pods_Messenger_Application_Assignment_Messenger_Application_AssignmentUITests.framework in Frameworks */ = {isa = PBXBuildFile; fileRef = 1C19F324A674F1601691C64C /* Pods_Messenger_Application_Assignment_Messenger_Application_AssignmentUITests.framework */; };
/* End PBXBuildFile section */

/* Begin PBXContainerItemProxy section */
		C3B0AD9E27888DC600E7EA0A /* PBXContainerItemProxy */ = {
			isa = PBXContainerItemProxy;
			containerPortal = C3B0AD7F27888DC400E7EA0A /* Project object */;
			proxyType = 1;
			remoteGlobalIDString = C3B0AD8627888DC400E7EA0A;
			remoteInfo = "Messenger Application Assignment";
		};
		C3B0ADA927888DC600E7EA0A /* PBXContainerItemProxy */ = {
			isa = PBXContainerItemProxy;
			containerPortal = C3B0AD7F27888DC400E7EA0A /* Project object */;
			proxyType = 1;
			remoteGlobalIDString = C3B0AD8627888DC400E7EA0A;
			remoteInfo = "Messenger Application Assignment";
		};
/* End PBXContainerItemProxy section */

/* Begin PBXFileReference section */
		0A232237C9385B4392302950 /* Pods_Messenger_Application_Assignment.framework */ = {isa = PBXFileReference; explicitFileType = wrapper.framework; includeInIndex = 0; path = Pods_Messenger_Application_Assignment.framework; sourceTree = BUILT_PRODUCTS_DIR; };
		1C19F324A674F1601691C64C /* Pods_Messenger_Application_Assignment_Messenger_Application_AssignmentUITests.framework */ = {isa = PBXFileReference; explicitFileType = wrapper.framework; includeInIndex = 0; path = Pods_Messenger_Application_Assignment_Messenger_Application_AssignmentUITests.framework; sourceTree = BUILT_PRODUCTS_DIR; };
		414EA9D06900FC65AA8A63A6 /* Pods-Messenger Application Assignment-Messenger Application AssignmentUITests.release.xcconfig */ = {isa = PBXFileReference; includeInIndex = 1; lastKnownFileType = text.xcconfig; name = "Pods-Messenger Application Assignment-Messenger Application AssignmentUITests.release.xcconfig"; path = "Target Support Files/Pods-Messenger Application Assignment-Messenger Application AssignmentUITests/Pods-Messenger Application Assignment-Messenger Application AssignmentUITests.release.xcconfig"; sourceTree = "<group>"; };
		6FA83A4FEFE01974DF9244A1 /* Pods_Messenger_Application_AssignmentTests.framework */ = {isa = PBXFileReference; explicitFileType = wrapper.framework; includeInIndex = 0; path = Pods_Messenger_Application_AssignmentTests.framework; sourceTree = BUILT_PRODUCTS_DIR; };
		9D86BF8BD53FD6D05A91FB11 /* Pods-Messenger Application Assignment-Messenger Application AssignmentUITests.debug.xcconfig */ = {isa = PBXFileReference; includeInIndex = 1; lastKnownFileType = text.xcconfig; name = "Pods-Messenger Application Assignment-Messenger Application AssignmentUITests.debug.xcconfig"; path = "Target Support Files/Pods-Messenger Application Assignment-Messenger Application AssignmentUITests/Pods-Messenger Application Assignment-Messenger Application AssignmentUITests.debug.xcconfig"; sourceTree = "<group>"; };
		A209AB6D81CA4093F36C8890 /* Pods-Messenger Application Assignment.debug.xcconfig */ = {isa = PBXFileReference; includeInIndex = 1; lastKnownFileType = text.xcconfig; name = "Pods-Messenger Application Assignment.debug.xcconfig"; path = "Target Support Files/Pods-Messenger Application Assignment/Pods-Messenger Application Assignment.debug.xcconfig"; sourceTree = "<group>"; };
		A48C5E80E1327B204213B451 /* Pods-Messenger Application Assignment.release.xcconfig */ = {isa = PBXFileReference; includeInIndex = 1; lastKnownFileType = text.xcconfig; name = "Pods-Messenger Application Assignment.release.xcconfig"; path = "Target Support Files/Pods-Messenger Application Assignment/Pods-Messenger Application Assignment.release.xcconfig"; sourceTree = "<group>"; };
		C3B0AD8727888DC400E7EA0A /* Messenger Application Assignment.app */ = {isa = PBXFileReference; explicitFileType = wrapper.application; includeInIndex = 0; path = "Messenger Application Assignment.app"; sourceTree = BUILT_PRODUCTS_DIR; };
		C3B0AD8A27888DC400E7EA0A /* AppDelegate.swift */ = {isa = PBXFileReference; lastKnownFileType = sourcecode.swift; path = AppDelegate.swift; sourceTree = "<group>"; };
		C3B0AD8C27888DC400E7EA0A /* SceneDelegate.swift */ = {isa = PBXFileReference; lastKnownFileType = sourcecode.swift; path = SceneDelegate.swift; sourceTree = "<group>"; };
		C3B0AD9327888DC600E7EA0A /* Assets.xcassets */ = {isa = PBXFileReference; lastKnownFileType = folder.assetcatalog; path = Assets.xcassets; sourceTree = "<group>"; };
		C3B0AD9627888DC600E7EA0A /* Base */ = {isa = PBXFileReference; lastKnownFileType = file.storyboard; name = Base; path = Base.lproj/LaunchScreen.storyboard; sourceTree = "<group>"; };
		C3B0AD9827888DC600E7EA0A /* Info.plist */ = {isa = PBXFileReference; lastKnownFileType = text.plist.xml; path = Info.plist; sourceTree = "<group>"; };
		C3B0AD9D27888DC600E7EA0A /* Messenger Application AssignmentTests.xctest */ = {isa = PBXFileReference; explicitFileType = wrapper.cfbundle; includeInIndex = 0; path = "Messenger Application AssignmentTests.xctest"; sourceTree = BUILT_PRODUCTS_DIR; };
		C3B0ADA127888DC600E7EA0A /* Messenger_Application_AssignmentTests.swift */ = {isa = PBXFileReference; lastKnownFileType = sourcecode.swift; path = Messenger_Application_AssignmentTests.swift; sourceTree = "<group>"; };
		C3B0ADA327888DC600E7EA0A /* Info.plist */ = {isa = PBXFileReference; lastKnownFileType = text.plist.xml; path = Info.plist; sourceTree = "<group>"; };
		C3B0ADA827888DC600E7EA0A /* Messenger Application AssignmentUITests.xctest */ = {isa = PBXFileReference; explicitFileType = wrapper.cfbundle; includeInIndex = 0; path = "Messenger Application AssignmentUITests.xctest"; sourceTree = BUILT_PRODUCTS_DIR; };
		C3B0ADAC27888DC600E7EA0A /* Messenger_Application_AssignmentUITests.swift */ = {isa = PBXFileReference; lastKnownFileType = sourcecode.swift; path = Messenger_Application_AssignmentUITests.swift; sourceTree = "<group>"; };
		C3B0ADAE27888DC600E7EA0A /* Info.plist */ = {isa = PBXFileReference; lastKnownFileType = text.plist.xml; path = Info.plist; sourceTree = "<group>"; };
		C3B0ADC0278890AA00E7EA0A /* ConversationsViewController.swift */ = {isa = PBXFileReference; fileEncoding = 4; lastKnownFileType = sourcecode.swift; name = ConversationsViewController.swift; path = "../../../../Messenger Application Assignment/Messenger Application Assignment/Messenger Application Assignment/controllers/ConversationsViewController.swift"; sourceTree = "<group>"; };
		C3B0ADC6278890FB00E7EA0A /* DatabaseManger.swift */ = {isa = PBXFileReference; fileEncoding = 4; lastKnownFileType = sourcecode.swift; name = DatabaseManger.swift; path = "../../../../Messenger Application Assignment/Messenger Application Assignment/Messenger Application Assignment/Reources/DatabaseManger.swift"; sourceTree = "<group>"; };
		C3B0ADC82788910100E7EA0A /* StorageManager.swift */ = {isa = PBXFileReference; fileEncoding = 4; lastKnownFileType = sourcecode.swift; name = StorageManager.swift; path = "../../../../Messenger Application Assignment/Messenger Application Assignment/Messenger Application Assignment/Reources/StorageManager.swift"; sourceTree = "<group>"; };
		C3B0ADCD2788911600E7EA0A /* Base */ = {isa = PBXFileReference; lastKnownFileType = file.storyboard; name = Base; path = "../../../../../Messenger Application Assignment/Messenger Application Assignment/Messenger Application Assignment/Views/Storyboards/Base.lproj/Main.storyboard"; sourceTree = "<group>"; };
		C3B0ADD32788970400E7EA0A /* GoogleService-Info.plist */ = {isa = PBXFileReference; fileEncoding = 4; lastKnownFileType = text.plist.xml; name = "GoogleService-Info.plist"; path = "../../../../../Downloads/GoogleService-Info.plist"; sourceTree = "<group>"; };
		C3B0ADD62788A72200E7EA0A /* ChatsTableViewController.swift */ = {isa = PBXFileReference; lastKnownFileType = sourcecode.swift; path = ChatsTableViewController.swift; sourceTree = "<group>"; };
		C3B0ADD82788A75900E7EA0A /* ProfileViewController.swift */ = {isa = PBXFileReference; lastKnownFileType = sourcecode.swift; path = ProfileViewController.swift; sourceTree = "<group>"; };
		C3B0ADDB2788A7C200E7EA0A /* LoginViewController.swift */ = {isa = PBXFileReference; lastKnownFileType = sourcecode.swift; path = LoginViewController.swift; sourceTree = "<group>"; };
		C3B0ADDD2788A80D00E7EA0A /* SignupViewController.swift */ = {isa = PBXFileReference; lastKnownFileType = sourcecode.swift; path = SignupViewController.swift; sourceTree = "<group>"; };
		C3B0ADDF2788A97D00E7EA0A /* SearchingViewController.swift */ = {isa = PBXFileReference; lastKnownFileType = sourcecode.swift; path = SearchingViewController.swift; sourceTree = "<group>"; };
		C3B0ADE22788A9CA00E7EA0A /* UserTableViewCell.swift */ = {isa = PBXFileReference; lastKnownFileType = sourcecode.swift; path = UserTableViewCell.swift; sourceTree = "<group>"; };
		C3B0ADE42788BC1200E7EA0A /* ChatViewController.swift */ = {isa = PBXFileReference; lastKnownFileType = sourcecode.swift; path = ChatViewController.swift; sourceTree = "<group>"; };
		D7AE6B486353266149EA9A17 /* Pods-Messenger Application AssignmentTests.release.xcconfig */ = {isa = PBXFileReference; includeInIndex = 1; lastKnownFileType = text.xcconfig; name = "Pods-Messenger Application AssignmentTests.release.xcconfig"; path = "Target Support Files/Pods-Messenger Application AssignmentTests/Pods-Messenger Application AssignmentTests.release.xcconfig"; sourceTree = "<group>"; };
		FFEA429A015707D329C11D0C /* Pods-Messenger Application AssignmentTests.debug.xcconfig */ = {isa = PBXFileReference; includeInIndex = 1; lastKnownFileType = text.xcconfig; name = "Pods-Messenger Application AssignmentTests.debug.xcconfig"; path = "Target Support Files/Pods-Messenger Application AssignmentTests/Pods-Messenger Application AssignmentTests.debug.xcconfig"; sourceTree = "<group>"; };
/* End PBXFileReference section */

/* Begin PBXFrameworksBuildPhase section */
		C3B0AD8427888DC400E7EA0A /* Frameworks */ = {
			isa = PBXFrameworksBuildPhase;
			buildActionMask = 2147483647;
			files = (
				1ABDF139AB964237CC15607E /* Pods_Messenger_Application_Assignment.framework in Frameworks */,
			);
			runOnlyForDeploymentPostprocessing = 0;
		};
		C3B0AD9A27888DC600E7EA0A /* Frameworks */ = {
			isa = PBXFrameworksBuildPhase;
			buildActionMask = 2147483647;
			files = (
				A496E9480597B6A0FA8DC9F3 /* Pods_Messenger_Application_AssignmentTests.framework in Frameworks */,
			);
			runOnlyForDeploymentPostprocessing = 0;
		};
		C3B0ADA527888DC600E7EA0A /* Frameworks */ = {
			isa = PBXFrameworksBuildPhase;
			buildActionMask = 2147483647;
			files = (
				D381C48879FD00486F983ADF /* Pods_Messenger_Application_Assignment_Messenger_Application_AssignmentUITests.framework in Frameworks */,
			);
			runOnlyForDeploymentPostprocessing = 0;
		};
/* End PBXFrameworksBuildPhase section */

/* Begin PBXGroup section */
		1A1590A9E424627B18566FA3 /* Pods */ = {
			isa = PBXGroup;
			children = (
				A209AB6D81CA4093F36C8890 /* Pods-Messenger Application Assignment.debug.xcconfig */,
				A48C5E80E1327B204213B451 /* Pods-Messenger Application Assignment.release.xcconfig */,
				9D86BF8BD53FD6D05A91FB11 /* Pods-Messenger Application Assignment-Messenger Application AssignmentUITests.debug.xcconfig */,
				414EA9D06900FC65AA8A63A6 /* Pods-Messenger Application Assignment-Messenger Application AssignmentUITests.release.xcconfig */,
				FFEA429A015707D329C11D0C /* Pods-Messenger Application AssignmentTests.debug.xcconfig */,
				D7AE6B486353266149EA9A17 /* Pods-Messenger Application AssignmentTests.release.xcconfig */,
			);
			path = Pods;
			sourceTree = "<group>";
		};
		3FEB5041985CED958035FFBB /* Frameworks */ = {
			isa = PBXGroup;
			children = (
				0A232237C9385B4392302950 /* Pods_Messenger_Application_Assignment.framework */,
				1C19F324A674F1601691C64C /* Pods_Messenger_Application_Assignment_Messenger_Application_AssignmentUITests.framework */,
				6FA83A4FEFE01974DF9244A1 /* Pods_Messenger_Application_AssignmentTests.framework */,
			);
			name = Frameworks;
			sourceTree = "<group>";
		};
		C3B0AD7E27888DC400E7EA0A = {
			isa = PBXGroup;
			children = (
				C3B0AD8927888DC400E7EA0A /* Messenger Application Assignment */,
				C3B0ADA027888DC600E7EA0A /* Messenger Application AssignmentTests */,
				C3B0ADAB27888DC600E7EA0A /* Messenger Application AssignmentUITests */,
				C3B0AD8827888DC400E7EA0A /* Products */,
				1A1590A9E424627B18566FA3 /* Pods */,
				3FEB5041985CED958035FFBB /* Frameworks */,
			);
			sourceTree = "<group>";
		};
		C3B0AD8827888DC400E7EA0A /* Products */ = {
			isa = PBXGroup;
			children = (
				C3B0AD8727888DC400E7EA0A /* Messenger Application Assignment.app */,
				C3B0AD9D27888DC600E7EA0A /* Messenger Application AssignmentTests.xctest */,
				C3B0ADA827888DC600E7EA0A /* Messenger Application AssignmentUITests.xctest */,
			);
			name = Products;
			sourceTree = "<group>";
		};
		C3B0AD8927888DC400E7EA0A /* Messenger Application Assignment */ = {
			isa = PBXGroup;
			children = (
				C3B0ADD32788970400E7EA0A /* GoogleService-Info.plist */,
				C3B0ADBE27888F9200E7EA0A /* Controllers */,
				C3B0ADBD27888F8C00E7EA0A /* Models */,
				C3B0ADBC27888F8400E7EA0A /* ViewModels */,
				C3B0ADBB27888F7100E7EA0A /* Views */,
				C3B0ADBA27888F4400E7EA0A /* Resources */,
				C3B0AD9827888DC600E7EA0A /* Info.plist */,
			);
			path = "Messenger Application Assignment";
			sourceTree = "<group>";
		};
		C3B0ADA027888DC600E7EA0A /* Messenger Application AssignmentTests */ = {
			isa = PBXGroup;
			children = (
				C3B0ADA127888DC600E7EA0A /* Messenger_Application_AssignmentTests.swift */,
				C3B0ADA327888DC600E7EA0A /* Info.plist */,
			);
			path = "Messenger Application AssignmentTests";
			sourceTree = "<group>";
		};
		C3B0ADAB27888DC600E7EA0A /* Messenger Application AssignmentUITests */ = {
			isa = PBXGroup;
			children = (
				C3B0ADAC27888DC600E7EA0A /* Messenger_Application_AssignmentUITests.swift */,
				C3B0ADAE27888DC600E7EA0A /* Info.plist */,
			);
			path = "Messenger Application AssignmentUITests";
			sourceTree = "<group>";
		};
		C3B0ADBA27888F4400E7EA0A /* Resources */ = {
			isa = PBXGroup;
			children = (
				C3B0ADC82788910100E7EA0A /* StorageManager.swift */,
				C3B0ADC6278890FB00E7EA0A /* DatabaseManger.swift */,
				C3B0AD8A27888DC400E7EA0A /* AppDelegate.swift */,
				C3B0AD8C27888DC400E7EA0A /* SceneDelegate.swift */,
			);
			path = Resources;
			sourceTree = "<group>";
		};
		C3B0ADBB27888F7100E7EA0A /* Views */ = {
			isa = PBXGroup;
			children = (
				C3B0ADE12788A99700E7EA0A /* Cells */,
				C3B0ADBF27888FB200E7EA0A /* Storyboards */,
				C3B0AD9327888DC600E7EA0A /* Assets.xcassets */,
			);
			path = Views;
			sourceTree = "<group>";
		};
		C3B0ADBC27888F8400E7EA0A /* ViewModels */ = {
			isa = PBXGroup;
			children = (
			);
			path = ViewModels;
			sourceTree = "<group>";
		};
		C3B0ADBD27888F8C00E7EA0A /* Models */ = {
			isa = PBXGroup;
			children = (
			);
			path = Models;
			sourceTree = "<group>";
		};
		C3B0ADBE27888F9200E7EA0A /* Controllers */ = {
			isa = PBXGroup;
			children = (
				C3B0ADDA2788A79500E7EA0A /* LogReg */,
				C3B0ADD52788A6C500E7EA0A /* MainScreens */,
				C3B0ADC0278890AA00E7EA0A /* ConversationsViewController.swift */,
			);
			path = Controllers;
			sourceTree = "<group>";
		};
		C3B0ADBF27888FB200E7EA0A /* Storyboards */ = {
			isa = PBXGroup;
			children = (
				C3B0ADCC2788911600E7EA0A /* Main.storyboard */,
				C3B0AD9527888DC600E7EA0A /* LaunchScreen.storyboard */,
			);
			path = Storyboards;
			sourceTree = "<group>";
		};
		C3B0ADD52788A6C500E7EA0A /* MainScreens */ = {
			isa = PBXGroup;
			children = (
				C3B0ADD62788A72200E7EA0A /* ChatsTableViewController.swift */,
				C3B0ADD82788A75900E7EA0A /* ProfileViewController.swift */,
				C3B0ADDF2788A97D00E7EA0A /* SearchingViewController.swift */,
				C3B0ADE42788BC1200E7EA0A /* ChatViewController.swift */,
			);
			path = MainScreens;
			sourceTree = "<group>";
		};
		C3B0ADDA2788A79500E7EA0A /* LogReg */ = {
			isa = PBXGroup;
			children = (
				C3B0ADDB2788A7C200E7EA0A /* LoginViewController.swift */,
				C3B0ADDD2788A80D00E7EA0A /* SignupViewController.swift */,
			);
			path = LogReg;
			sourceTree = "<group>";
		};
		C3B0ADE12788A99700E7EA0A /* Cells */ = {
			isa = PBXGroup;
			children = (
				C3B0ADE22788A9CA00E7EA0A /* UserTableViewCell.swift */,
			);
			path = Cells;
			sourceTree = "<group>";
		};
/* End PBXGroup section */

/* Begin PBXNativeTarget section */
		C3B0AD8627888DC400E7EA0A /* Messenger Application Assignment */ = {
			isa = PBXNativeTarget;
			buildConfigurationList = C3B0ADB127888DC600E7EA0A /* Build configuration list for PBXNativeTarget "Messenger Application Assignment" */;
			buildPhases = (
				3B68F8751B837997F10E62AC /* [CP] Check Pods Manifest.lock */,
				C3B0AD8327888DC400E7EA0A /* Sources */,
				C3B0AD8427888DC400E7EA0A /* Frameworks */,
				C3B0AD8527888DC400E7EA0A /* Resources */,
				FAE2E43D70F6BC42CE5859E3 /* [CP] Embed Pods Frameworks */,
			);
			buildRules = (
			);
			dependencies = (
			);
			name = "Messenger Application Assignment";
			productName = "Messenger Application Assignment";
			productReference = C3B0AD8727888DC400E7EA0A /* Messenger Application Assignment.app */;
			productType = "com.apple.product-type.application";
		};
		C3B0AD9C27888DC600E7EA0A /* Messenger Application AssignmentTests */ = {
			isa = PBXNativeTarget;
			buildConfigurationList = C3B0ADB427888DC600E7EA0A /* Build configuration list for PBXNativeTarget "Messenger Application AssignmentTests" */;
			buildPhases = (
				BBEDA07E0C2ED17C897E052A /* [CP] Check Pods Manifest.lock */,
				C3B0AD9927888DC600E7EA0A /* Sources */,
				C3B0AD9A27888DC600E7EA0A /* Frameworks */,
				C3B0AD9B27888DC600E7EA0A /* Resources */,
			);
			buildRules = (
			);
			dependencies = (
				C3B0AD9F27888DC600E7EA0A /* PBXTargetDependency */,
			);
			name = "Messenger Application AssignmentTests";
			productName = "Messenger Application AssignmentTests";
			productReference = C3B0AD9D27888DC600E7EA0A /* Messenger Application AssignmentTests.xctest */;
			productType = "com.apple.product-type.bundle.unit-test";
		};
		C3B0ADA727888DC600E7EA0A /* Messenger Application AssignmentUITests */ = {
			isa = PBXNativeTarget;
			buildConfigurationList = C3B0ADB727888DC600E7EA0A /* Build configuration list for PBXNativeTarget "Messenger Application AssignmentUITests" */;
			buildPhases = (
				7543833019A271BFEB278BB0 /* [CP] Check Pods Manifest.lock */,
				C3B0ADA427888DC600E7EA0A /* Sources */,
				C3B0ADA527888DC600E7EA0A /* Frameworks */,
				C3B0ADA627888DC600E7EA0A /* Resources */,
				AFDCD091823147A739659D1A /* [CP] Embed Pods Frameworks */,
			);
			buildRules = (
			);
			dependencies = (
				C3B0ADAA27888DC600E7EA0A /* PBXTargetDependency */,
			);
			name = "Messenger Application AssignmentUITests";
			productName = "Messenger Application AssignmentUITests";
			productReference = C3B0ADA827888DC600E7EA0A /* Messenger Application AssignmentUITests.xctest */;
			productType = "com.apple.product-type.bundle.ui-testing";
		};
/* End PBXNativeTarget section */

/* Begin PBXProject section */
		C3B0AD7F27888DC400E7EA0A /* Project object */ = {
			isa = PBXProject;
			attributes = {
				LastSwiftUpdateCheck = 1250;
				LastUpgradeCheck = 1250;
				TargetAttributes = {
					C3B0AD8627888DC400E7EA0A = {
						CreatedOnToolsVersion = 12.5.1;
					};
					C3B0AD9C27888DC600E7EA0A = {
						CreatedOnToolsVersion = 12.5.1;
						TestTargetID = C3B0AD8627888DC400E7EA0A;
					};
					C3B0ADA727888DC600E7EA0A = {
						CreatedOnToolsVersion = 12.5.1;
						TestTargetID = C3B0AD8627888DC400E7EA0A;
					};
				};
			};
			buildConfigurationList = C3B0AD8227888DC400E7EA0A /* Build configuration list for PBXProject "Messenger Application Assignment" */;
			compatibilityVersion = "Xcode 9.3";
			developmentRegion = en;
			hasScannedForEncodings = 0;
			knownRegions = (
				en,
				Base,
			);
			mainGroup = C3B0AD7E27888DC400E7EA0A;
			productRefGroup = C3B0AD8827888DC400E7EA0A /* Products */;
			projectDirPath = "";
			projectRoot = "";
			targets = (
				C3B0AD8627888DC400E7EA0A /* Messenger Application Assignment */,
				C3B0AD9C27888DC600E7EA0A /* Messenger Application AssignmentTests */,
				C3B0ADA727888DC600E7EA0A /* Messenger Application AssignmentUITests */,
			);
		};
/* End PBXProject section */

/* Begin PBXResourcesBuildPhase section */
		C3B0AD8527888DC400E7EA0A /* Resources */ = {
			isa = PBXResourcesBuildPhase;
			buildActionMask = 2147483647;
			files = (
				C3B0AD9727888DC600E7EA0A /* LaunchScreen.storyboard in Resources */,
				C3B0AD9427888DC600E7EA0A /* Assets.xcassets in Resources */,
				C3B0ADCE2788911600E7EA0A /* Main.storyboard in Resources */,
				C3B0ADD42788970400E7EA0A /* GoogleService-Info.plist in Resources */,
			);
			runOnlyForDeploymentPostprocessing = 0;
		};
		C3B0AD9B27888DC600E7EA0A /* Resources */ = {
			isa = PBXResourcesBuildPhase;
			buildActionMask = 2147483647;
			files = (
			);
			runOnlyForDeploymentPostprocessing = 0;
		};
		C3B0ADA627888DC600E7EA0A /* Resources */ = {
			isa = PBXResourcesBuildPhase;
			buildActionMask = 2147483647;
			files = (
			);
			runOnlyForDeploymentPostprocessing = 0;
		};
/* End PBXResourcesBuildPhase section */

/* Begin PBXShellScriptBuildPhase section */
		3B68F8751B837997F10E62AC /* [CP] Check Pods Manifest.lock */ = {
			isa = PBXShellScriptBuildPhase;
			buildActionMask = 2147483647;
			files = (
			);
			inputFileListPaths = (
			);
			inputPaths = (
				"${PODS_PODFILE_DIR_PATH}/Podfile.lock",
				"${PODS_ROOT}/Manifest.lock",
			);
			name = "[CP] Check Pods Manifest.lock";
			outputFileListPaths = (
			);
			outputPaths = (
				"$(DERIVED_FILE_DIR)/Pods-Messenger Application Assignment-checkManifestLockResult.txt",
			);
			runOnlyForDeploymentPostprocessing = 0;
			shellPath = /bin/sh;
			shellScript = "diff \"${PODS_PODFILE_DIR_PATH}/Podfile.lock\" \"${PODS_ROOT}/Manifest.lock\" > /dev/null\nif [ $? != 0 ] ; then\n    # print error to STDERR\n    echo \"error: The sandbox is not in sync with the Podfile.lock. Run 'pod install' or update your CocoaPods installation.\" >&2\n    exit 1\nfi\n# This output is used by Xcode 'outputs' to avoid re-running this script phase.\necho \"SUCCESS\" > \"${SCRIPT_OUTPUT_FILE_0}\"\n";
			showEnvVarsInLog = 0;
		};
		7543833019A271BFEB278BB0 /* [CP] Check Pods Manifest.lock */ = {
			isa = PBXShellScriptBuildPhase;
			buildActionMask = 2147483647;
			files = (
			);
			inputFileListPaths = (
			);
			inputPaths = (
				"${PODS_PODFILE_DIR_PATH}/Podfile.lock",
				"${PODS_ROOT}/Manifest.lock",
			);
			name = "[CP] Check Pods Manifest.lock";
			outputFileListPaths = (
			);
			outputPaths = (
				"$(DERIVED_FILE_DIR)/Pods-Messenger Application Assignment-Messenger Application AssignmentUITests-checkManifestLockResult.txt",
			);
			runOnlyForDeploymentPostprocessing = 0;
			shellPath = /bin/sh;
			shellScript = "diff \"${PODS_PODFILE_DIR_PATH}/Podfile.lock\" \"${PODS_ROOT}/Manifest.lock\" > /dev/null\nif [ $? != 0 ] ; then\n    # print error to STDERR\n    echo \"error: The sandbox is not in sync with the Podfile.lock. Run 'pod install' or update your CocoaPods installation.\" >&2\n    exit 1\nfi\n# This output is used by Xcode 'outputs' to avoid re-running this script phase.\necho \"SUCCESS\" > \"${SCRIPT_OUTPUT_FILE_0}\"\n";
			showEnvVarsInLog = 0;
		};
		AFDCD091823147A739659D1A /* [CP] Embed Pods Frameworks */ = {
			isa = PBXShellScriptBuildPhase;
			buildActionMask = 2147483647;
			files = (
			);
			inputFileListPaths = (
				"${PODS_ROOT}/Target Support Files/Pods-Messenger Application Assignment-Messenger Application AssignmentUITests/Pods-Messenger Application Assignment-Messenger Application AssignmentUITests-frameworks-${CONFIGURATION}-input-files.xcfilelist",
			);
			name = "[CP] Embed Pods Frameworks";
			outputFileListPaths = (
				"${PODS_ROOT}/Target Support Files/Pods-Messenger Application Assignment-Messenger Application AssignmentUITests/Pods-Messenger Application Assignment-Messenger Application AssignmentUITests-frameworks-${CONFIGURATION}-output-files.xcfilelist",
			);
			runOnlyForDeploymentPostprocessing = 0;
			shellPath = /bin/sh;
			shellScript = "\"${PODS_ROOT}/Target Support Files/Pods-Messenger Application Assignment-Messenger Application AssignmentUITests/Pods-Messenger Application Assignment-Messenger Application AssignmentUITests-frameworks.sh\"\n";
			showEnvVarsInLog = 0;
		};
		BBEDA07E0C2ED17C897E052A /* [CP] Check Pods Manifest.lock */ = {
			isa = PBXShellScriptBuildPhase;
			buildActionMask = 2147483647;
			files = (
			);
			inputFileListPaths = (
			);
			inputPaths = (
				"${PODS_PODFILE_DIR_PATH}/Podfile.lock",
				"${PODS_ROOT}/Manifest.lock",
			);
			name = "[CP] Check Pods Manifest.lock";
			outputFileListPaths = (
			);
			outputPaths = (
				"$(DERIVED_FILE_DIR)/Pods-Messenger Application AssignmentTests-checkManifestLockResult.txt",
			);
			runOnlyForDeploymentPostprocessing = 0;
			shellPath = /bin/sh;
			shellScript = "diff \"${PODS_PODFILE_DIR_PATH}/Podfile.lock\" \"${PODS_ROOT}/Manifest.lock\" > /dev/null\nif [ $? != 0 ] ; then\n    # print error to STDERR\n    echo \"error: The sandbox is not in sync with the Podfile.lock. Run 'pod install' or update your CocoaPods installation.\" >&2\n    exit 1\nfi\n# This output is used by Xcode 'outputs' to avoid re-running this script phase.\necho \"SUCCESS\" > \"${SCRIPT_OUTPUT_FILE_0}\"\n";
			showEnvVarsInLog = 0;
		};
		FAE2E43D70F6BC42CE5859E3 /* [CP] Embed Pods Frameworks */ = {
			isa = PBXShellScriptBuildPhase;
			buildActionMask = 2147483647;
			files = (
			);
			inputFileListPaths = (
				"${PODS_ROOT}/Target Support Files/Pods-Messenger Application Assignment/Pods-Messenger Application Assignment-frameworks-${CONFIGURATION}-input-files.xcfilelist",
			);
			name = "[CP] Embed Pods Frameworks";
			outputFileListPaths = (
				"${PODS_ROOT}/Target Support Files/Pods-Messenger Application Assignment/Pods-Messenger Application Assignment-frameworks-${CONFIGURATION}-output-files.xcfilelist",
			);
			runOnlyForDeploymentPostprocessing = 0;
			shellPath = /bin/sh;
			shellScript = "\"${PODS_ROOT}/Target Support Files/Pods-Messenger Application Assignment/Pods-Messenger Application Assignment-frameworks.sh\"\n";
			showEnvVarsInLog = 0;
		};
/* End PBXShellScriptBuildPhase section */

/* Begin PBXSourcesBuildPhase section */
		C3B0AD8327888DC400E7EA0A /* Sources */ = {
			isa = PBXSourcesBuildPhase;
			buildActionMask = 2147483647;
			files = (
				C3B0ADDE2788A80D00E7EA0A /* SignupViewController.swift in Sources */,
				C3B0ADC1278890AA00E7EA0A /* ConversationsViewController.swift in Sources */,
				C3B0ADE32788A9CA00E7EA0A /* UserTableViewCell.swift in Sources */,
				C3B0AD8B27888DC400E7EA0A /* AppDelegate.swift in Sources */,
				C3B0ADC92788910100E7EA0A /* StorageManager.swift in Sources */,
				C3B0ADC7278890FC00E7EA0A /* DatabaseManger.swift in Sources */,
				C3B0ADE02788A97D00E7EA0A /* SearchingViewController.swift in Sources */,
				C3B0ADDC2788A7C200E7EA0A /* LoginViewController.swift in Sources */,
				C3B0ADD92788A75900E7EA0A /* ProfileViewController.swift in Sources */,
				C3B0ADD72788A72200E7EA0A /* ChatsTableViewController.swift in Sources */,
				C3B0ADE52788BC1200E7EA0A /* ChatViewController.swift in Sources */,
				C3B0AD8D27888DC400E7EA0A /* SceneDelegate.swift in Sources */,
			);
			runOnlyForDeploymentPostprocessing = 0;
		};
		C3B0AD9927888DC600E7EA0A /* Sources */ = {
			isa = PBXSourcesBuildPhase;
			buildActionMask = 2147483647;
			files = (
				C3B0ADA227888DC600E7EA0A /* Messenger_Application_AssignmentTests.swift in Sources */,
			);
			runOnlyForDeploymentPostprocessing = 0;
		};
		C3B0ADA427888DC600E7EA0A /* Sources */ = {
			isa = PBXSourcesBuildPhase;
			buildActionMask = 2147483647;
			files = (
				C3B0ADAD27888DC600E7EA0A /* Messenger_Application_AssignmentUITests.swift in Sources */,
			);
			runOnlyForDeploymentPostprocessing = 0;
		};
/* End PBXSourcesBuildPhase section */

/* Begin PBXTargetDependency section */
		C3B0AD9F27888DC600E7EA0A /* PBXTargetDependency */ = {
			isa = PBXTargetDependency;
			target = C3B0AD8627888DC400E7EA0A /* Messenger Application Assignment */;
			targetProxy = C3B0AD9E27888DC600E7EA0A /* PBXContainerItemProxy */;
		};
		C3B0ADAA27888DC600E7EA0A /* PBXTargetDependency */ = {
			isa = PBXTargetDependency;
			target = C3B0AD8627888DC400E7EA0A /* Messenger Application Assignment */;
			targetProxy = C3B0ADA927888DC600E7EA0A /* PBXContainerItemProxy */;
		};
/* End PBXTargetDependency section */

/* Begin PBXVariantGroup section */
		C3B0AD9527888DC600E7EA0A /* LaunchScreen.storyboard */ = {
			isa = PBXVariantGroup;
			children = (
				C3B0AD9627888DC600E7EA0A /* Base */,
			);
			name = LaunchScreen.storyboard;
			sourceTree = "<group>";
		};
		C3B0ADCC2788911600E7EA0A /* Main.storyboard */ = {
			isa = PBXVariantGroup;
			children = (
				C3B0ADCD2788911600E7EA0A /* Base */,
			);
			name = Main.storyboard;
			sourceTree = "<group>";
		};
/* End PBXVariantGroup section */

/* Begin XCBuildConfiguration section */
		C3B0ADAF27888DC600E7EA0A /* Debug */ = {
			isa = XCBuildConfiguration;
			buildSettings = {
				ALWAYS_SEARCH_USER_PATHS = NO;
				CLANG_ANALYZER_NONNULL = YES;
				CLANG_ANALYZER_NUMBER_OBJECT_CONVERSION = YES_AGGRESSIVE;
				CLANG_CXX_LANGUAGE_STANDARD = "gnu++14";
				CLANG_CXX_LIBRARY = "libc++";
				CLANG_ENABLE_MODULES = YES;
				CLANG_ENABLE_OBJC_ARC = YES;
				CLANG_ENABLE_OBJC_WEAK = YES;
				CLANG_WARN_BLOCK_CAPTURE_AUTORELEASING = YES;
				CLANG_WARN_BOOL_CONVERSION = YES;
				CLANG_WARN_COMMA = YES;
				CLANG_WARN_CONSTANT_CONVERSION = YES;
				CLANG_WARN_DEPRECATED_OBJC_IMPLEMENTATIONS = YES;
				CLANG_WARN_DIRECT_OBJC_ISA_USAGE = YES_ERROR;
				CLANG_WARN_DOCUMENTATION_COMMENTS = YES;
				CLANG_WARN_EMPTY_BODY = YES;
				CLANG_WARN_ENUM_CONVERSION = YES;
				CLANG_WARN_INFINITE_RECURSION = YES;
				CLANG_WARN_INT_CONVERSION = YES;
				CLANG_WARN_NON_LITERAL_NULL_CONVERSION = YES;
				CLANG_WARN_OBJC_IMPLICIT_RETAIN_SELF = YES;
				CLANG_WARN_OBJC_LITERAL_CONVERSION = YES;
				CLANG_WARN_OBJC_ROOT_CLASS = YES_ERROR;
				CLANG_WARN_QUOTED_INCLUDE_IN_FRAMEWORK_HEADER = YES;
				CLANG_WARN_RANGE_LOOP_ANALYSIS = YES;
				CLANG_WARN_STRICT_PROTOTYPES = YES;
				CLANG_WARN_SUSPICIOUS_MOVE = YES;
				CLANG_WARN_UNGUARDED_AVAILABILITY = YES_AGGRESSIVE;
				CLANG_WARN_UNREACHABLE_CODE = YES;
				CLANG_WARN__DUPLICATE_METHOD_MATCH = YES;
				COPY_PHASE_STRIP = NO;
				DEBUG_INFORMATION_FORMAT = dwarf;
				ENABLE_STRICT_OBJC_MSGSEND = YES;
				ENABLE_TESTABILITY = YES;
				GCC_C_LANGUAGE_STANDARD = gnu11;
				GCC_DYNAMIC_NO_PIC = NO;
				GCC_NO_COMMON_BLOCKS = YES;
				GCC_OPTIMIZATION_LEVEL = 0;
				GCC_PREPROCESSOR_DEFINITIONS = (
					"DEBUG=1",
					"$(inherited)",
				);
				GCC_WARN_64_TO_32_BIT_CONVERSION = YES;
				GCC_WARN_ABOUT_RETURN_TYPE = YES_ERROR;
				GCC_WARN_UNDECLARED_SELECTOR = YES;
				GCC_WARN_UNINITIALIZED_AUTOS = YES_AGGRESSIVE;
				GCC_WARN_UNUSED_FUNCTION = YES;
				GCC_WARN_UNUSED_VARIABLE = YES;
				IPHONEOS_DEPLOYMENT_TARGET = 14.5;
				MTL_ENABLE_DEBUG_INFO = INCLUDE_SOURCE;
				MTL_FAST_MATH = YES;
				ONLY_ACTIVE_ARCH = YES;
				SDKROOT = iphoneos;
				SWIFT_ACTIVE_COMPILATION_CONDITIONS = DEBUG;
				SWIFT_OPTIMIZATION_LEVEL = "-Onone";
			};
			name = Debug;
		};
		C3B0ADB027888DC600E7EA0A /* Release */ = {
			isa = XCBuildConfiguration;
			buildSettings = {
				ALWAYS_SEARCH_USER_PATHS = NO;
				CLANG_ANALYZER_NONNULL = YES;
				CLANG_ANALYZER_NUMBER_OBJECT_CONVERSION = YES_AGGRESSIVE;
				CLANG_CXX_LANGUAGE_STANDARD = "gnu++14";
				CLANG_CXX_LIBRARY = "libc++";
				CLANG_ENABLE_MODULES = YES;
				CLANG_ENABLE_OBJC_ARC = YES;
				CLANG_ENABLE_OBJC_WEAK = YES;
				CLANG_WARN_BLOCK_CAPTURE_AUTORELEASING = YES;
				CLANG_WARN_BOOL_CONVERSION = YES;
				CLANG_WARN_COMMA = YES;
				CLANG_WARN_CONSTANT_CONVERSION = YES;
				CLANG_WARN_DEPRECATED_OBJC_IMPLEMENTATIONS = YES;
				CLANG_WARN_DIRECT_OBJC_ISA_USAGE = YES_ERROR;
				CLANG_WARN_DOCUMENTATION_COMMENTS = YES;
				CLANG_WARN_EMPTY_BODY = YES;
				CLANG_WARN_ENUM_CONVERSION = YES;
				CLANG_WARN_INFINITE_RECURSION = YES;
				CLANG_WARN_INT_CONVERSION = YES;
				CLANG_WARN_NON_LITERAL_NULL_CONVERSION = YES;
				CLANG_WARN_OBJC_IMPLICIT_RETAIN_SELF = YES;
				CLANG_WARN_OBJC_LITERAL_CONVERSION = YES;
				CLANG_WARN_OBJC_ROOT_CLASS = YES_ERROR;
				CLANG_WARN_QUOTED_INCLUDE_IN_FRAMEWORK_HEADER = YES;
				CLANG_WARN_RANGE_LOOP_ANALYSIS = YES;
				CLANG_WARN_STRICT_PROTOTYPES = YES;
				CLANG_WARN_SUSPICIOUS_MOVE = YES;
				CLANG_WARN_UNGUARDED_AVAILABILITY = YES_AGGRESSIVE;
				CLANG_WARN_UNREACHABLE_CODE = YES;
				CLANG_WARN__DUPLICATE_METHOD_MATCH = YES;
				COPY_PHASE_STRIP = NO;
				DEBUG_INFORMATION_FORMAT = "dwarf-with-dsym";
				ENABLE_NS_ASSERTIONS = NO;
				ENABLE_STRICT_OBJC_MSGSEND = YES;
				GCC_C_LANGUAGE_STANDARD = gnu11;
				GCC_NO_COMMON_BLOCKS = YES;
				GCC_WARN_64_TO_32_BIT_CONVERSION = YES;
				GCC_WARN_ABOUT_RETURN_TYPE = YES_ERROR;
				GCC_WARN_UNDECLARED_SELECTOR = YES;
				GCC_WARN_UNINITIALIZED_AUTOS = YES_AGGRESSIVE;
				GCC_WARN_UNUSED_FUNCTION = YES;
				GCC_WARN_UNUSED_VARIABLE = YES;
				IPHONEOS_DEPLOYMENT_TARGET = 14.5;
				MTL_ENABLE_DEBUG_INFO = NO;
				MTL_FAST_MATH = YES;
				SDKROOT = iphoneos;
				SWIFT_COMPILATION_MODE = wholemodule;
				SWIFT_OPTIMIZATION_LEVEL = "-O";
				VALIDATE_PRODUCT = YES;
			};
			name = Release;
		};
		C3B0ADB227888DC600E7EA0A /* Debug */ = {
			isa = XCBuildConfiguration;
			baseConfigurationReference = A209AB6D81CA4093F36C8890 /* Pods-Messenger Application Assignment.debug.xcconfig */;
			buildSettings = {
				ASSETCATALOG_COMPILER_APPICON_NAME = AppIcon;
				ASSETCATALOG_COMPILER_GLOBAL_ACCENT_COLOR_NAME = AccentColor;
				CODE_SIGN_STYLE = Automatic;
				INFOPLIST_FILE = "Messenger Application Assignment/Info.plist";
				LD_RUNPATH_SEARCH_PATHS = (
					"$(inherited)",
					"@executable_path/Frameworks",
				);
				PRODUCT_BUNDLE_IDENTIFIER = "getCoffee--.Messenger-Application-Assignment";
				PRODUCT_NAME = "$(TARGET_NAME)";
				SWIFT_VERSION = 5.0;
				TARGETED_DEVICE_FAMILY = "1,2";
			};
			name = Debug;
		};
		C3B0ADB327888DC600E7EA0A /* Release */ = {
			isa = XCBuildConfiguration;
			baseConfigurationReference = A48C5E80E1327B204213B451 /* Pods-Messenger Application Assignment.release.xcconfig */;
			buildSettings = {
				ASSETCATALOG_COMPILER_APPICON_NAME = AppIcon;
				ASSETCATALOG_COMPILER_GLOBAL_ACCENT_COLOR_NAME = AccentColor;
				CODE_SIGN_STYLE = Automatic;
				INFOPLIST_FILE = "Messenger Application Assignment/Info.plist";
				LD_RUNPATH_SEARCH_PATHS = (
					"$(inherited)",
					"@executable_path/Frameworks",
				);
				PRODUCT_BUNDLE_IDENTIFIER = "getCoffee--.Messenger-Application-Assignment";
				PRODUCT_NAME = "$(TARGET_NAME)";
				SWIFT_VERSION = 5.0;
				TARGETED_DEVICE_FAMILY = "1,2";
			};
			name = Release;
		};
		C3B0ADB527888DC600E7EA0A /* Debug */ = {
			isa = XCBuildConfiguration;
			baseConfigurationReference = FFEA429A015707D329C11D0C /* Pods-Messenger Application AssignmentTests.debug.xcconfig */;
			buildSettings = {
				ALWAYS_EMBED_SWIFT_STANDARD_LIBRARIES = YES;
				BUNDLE_LOADER = "$(TEST_HOST)";
				CODE_SIGN_STYLE = Automatic;
				INFOPLIST_FILE = "Messenger Application AssignmentTests/Info.plist";
				IPHONEOS_DEPLOYMENT_TARGET = 14.5;
				LD_RUNPATH_SEARCH_PATHS = (
					"$(inherited)",
					"@executable_path/Frameworks",
					"@loader_path/Frameworks",
				);
				PRODUCT_BUNDLE_IDENTIFIER = "getCoffee--.Messenger-Application-AssignmentTests";
				PRODUCT_NAME = "$(TARGET_NAME)";
				SWIFT_VERSION = 5.0;
				TARGETED_DEVICE_FAMILY = "1,2";
				TEST_HOST = "$(BUILT_PRODUCTS_DIR)/Messenger Application Assignment.app/Messenger Application Assignment";
			};
			name = Debug;
		};
		C3B0ADB627888DC600E7EA0A /* Release */ = {
			isa = XCBuildConfiguration;
			baseConfigurationReference = D7AE6B486353266149EA9A17 /* Pods-Messenger Application AssignmentTests.release.xcconfig */;
			buildSettings = {
				ALWAYS_EMBED_SWIFT_STANDARD_LIBRARIES = YES;
				BUNDLE_LOADER = "$(TEST_HOST)";
				CODE_SIGN_STYLE = Automatic;
				INFOPLIST_FILE = "Messenger Application AssignmentTests/Info.plist";
				IPHONEOS_DEPLOYMENT_TARGET = 14.5;
				LD_RUNPATH_SEARCH_PATHS = (
					"$(inherited)",
					"@executable_path/Frameworks",
					"@loader_path/Frameworks",
				);
				PRODUCT_BUNDLE_IDENTIFIER = "getCoffee--.Messenger-Application-AssignmentTests";
				PRODUCT_NAME = "$(TARGET_NAME)";
				SWIFT_VERSION = 5.0;
				TARGETED_DEVICE_FAMILY = "1,2";
				TEST_HOST = "$(BUILT_PRODUCTS_DIR)/Messenger Application Assignment.app/Messenger Application Assignment";
			};
			name = Release;
		};
		C3B0ADB827888DC600E7EA0A /* Debug */ = {
			isa = XCBuildConfiguration;
			baseConfigurationReference = 9D86BF8BD53FD6D05A91FB11 /* Pods-Messenger Application Assignment-Messenger Application AssignmentUITests.debug.xcconfig */;
			buildSettings = {
				ALWAYS_EMBED_SWIFT_STANDARD_LIBRARIES = YES;
				CODE_SIGN_STYLE = Automatic;
				INFOPLIST_FILE = "Messenger Application AssignmentUITests/Info.plist";
				LD_RUNPATH_SEARCH_PATHS = (
					"$(inherited)",
					"@executable_path/Frameworks",
					"@loader_path/Frameworks",
				);
				PRODUCT_BUNDLE_IDENTIFIER = "getCoffee--.Messenger-Application-AssignmentUITests";
				PRODUCT_NAME = "$(TARGET_NAME)";
				SWIFT_VERSION = 5.0;
				TARGETED_DEVICE_FAMILY = "1,2";
				TEST_TARGET_NAME = "Messenger Application Assignment";
			};
			name = Debug;
		};
		C3B0ADB927888DC600E7EA0A /* Release */ = {
			isa = XCBuildConfiguration;
			baseConfigurationReference = 414EA9D06900FC65AA8A63A6 /* Pods-Messenger Application Assignment-Messenger Application AssignmentUITests.release.xcconfig */;
			buildSettings = {
				ALWAYS_EMBED_SWIFT_STANDARD_LIBRARIES = YES;
				CODE_SIGN_STYLE = Automatic;
				INFOPLIST_FILE = "Messenger Application AssignmentUITests/Info.plist";
				LD_RUNPATH_SEARCH_PATHS = (
					"$(inherited)",
					"@executable_path/Frameworks",
					"@loader_path/Frameworks",
				);
				PRODUCT_BUNDLE_IDENTIFIER = "getCoffee--.Messenger-Application-AssignmentUITests";
				PRODUCT_NAME = "$(TARGET_NAME)";
				SWIFT_VERSION = 5.0;
				TARGETED_DEVICE_FAMILY = "1,2";
				TEST_TARGET_NAME = "Messenger Application Assignment";
			};
			name = Release;
		};
/* End XCBuildConfiguration section */

/* Begin XCConfigurationList section */
		C3B0AD8227888DC400E7EA0A /* Build configuration list for PBXProject "Messenger Application Assignment" */ = {
			isa = XCConfigurationList;
			buildConfigurations = (
				C3B0ADAF27888DC600E7EA0A /* Debug */,
				C3B0ADB027888DC600E7EA0A /* Release */,
			);
			defaultConfigurationIsVisible = 0;
			defaultConfigurationName = Release;
		};
		C3B0ADB127888DC600E7EA0A /* Build configuration list for PBXNativeTarget "Messenger Application Assignment" */ = {
			isa = XCConfigurationList;
			buildConfigurations = (
				C3B0ADB227888DC600E7EA0A /* Debug */,
				C3B0ADB327888DC600E7EA0A /* Release */,
			);
			defaultConfigurationIsVisible = 0;
			defaultConfigurationName = Release;
		};
		C3B0ADB427888DC600E7EA0A /* Build configuration list for PBXNativeTarget "Messenger Application AssignmentTests" */ = {
			isa = XCConfigurationList;
			buildConfigurations = (
				C3B0ADB527888DC600E7EA0A /* Debug */,
				C3B0ADB627888DC600E7EA0A /* Release */,
			);
			defaultConfigurationIsVisible = 0;
			defaultConfigurationName = Release;
		};
		C3B0ADB727888DC600E7EA0A /* Build configuration list for PBXNativeTarget "Messenger Application AssignmentUITests" */ = {
			isa = XCConfigurationList;
			buildConfigurations = (
				C3B0ADB827888DC600E7EA0A /* Debug */,
				C3B0ADB927888DC600E7EA0A /* Release */,
			);
			defaultConfigurationIsVisible = 0;
			defaultConfigurationName = Release;
		};
/* End XCConfigurationList section */
	};
	rootObject = C3B0AD7F27888DC400E7EA0A /* Project object */;
}
